
Microsoft Visual Studio Solution File, Format Version 12.00
# Visual Studio Version 17
VisualStudioVersion = 17.0.31903.59
MinimumVisualStudioVersion = 10.0.40219.1
Project("{2150E333-8FDC-42A3-9474-1A3956D46DE8}") = "src", "src", "{E9432070-708D-4884-974D-982DF3464B40}"
EndProject
Project("{FAE04EC0-301F-11D3-BF4B-00C04F79EFBC}") = "Orizon.UI", "src\Orizon.UI\Orizon.UI.csproj", "{47B9376B-46DD-4C6E-A989-4FFD7D572ADF}"
EndProject
Project("{2150E333-8FDC-42A3-9474-1A3956D46DE8}") = "samples", "samples", "{0C69F114-0624-46A0-A782-CB23436FA4B4}"
EndProject
Project("{FAE04EC0-301F-11D3-BF4B-00C04F79EFBC}") = "Orizon.UI.Sandbox", "samples\Orizon.UI.Sandbox\Orizon.UI.Sandbox.csproj", "{EFE116A8-7249-4733-B811-EC64A2318CF0}"
EndProject
Global
	GlobalSection(SolutionConfigurationPlatforms) = preSolution
		Debug|Any CPU = Debug|Any CPU
		Release|Any CPU = Release|Any CPU
	EndGlobalSection
	GlobalSection(SolutionProperties) = preSolution
		HideSolutionNode = FALSE
	EndGlobalSection
	GlobalSection(ProjectConfigurationPlatforms) = postSolution
		{47B9376B-46DD-4C6E-A989-4FFD7D572ADF}.Debug|Any CPU.ActiveCfg = Debug|Any CPU
		{47B9376B-46DD-4C6E-A989-4FFD7D572ADF}.Debug|Any CPU.Build.0 = Debug|Any CPU
		{47B9376B-46DD-4C6E-A989-4FFD7D572ADF}.Release|Any CPU.ActiveCfg = Release|Any CPU
		{47B9376B-46DD-4C6E-A989-4FFD7D572ADF}.Release|Any CPU.Build.0 = Release|Any CPU
		{EFE116A8-7249-4733-B811-EC64A2318CF0}.Debug|Any CPU.ActiveCfg = Debug|Any CPU
		{EFE116A8-7249-4733-B811-EC64A2318CF0}.Debug|Any CPU.Build.0 = Debug|Any CPU
		{EFE116A8-7249-4733-B811-EC64A2318CF0}.Release|Any CPU.ActiveCfg = Release|Any CPU
		{EFE116A8-7249-4733-B811-EC64A2318CF0}.Release|Any CPU.Build.0 = Release|Any CPU
	EndGlobalSection
	GlobalSection(NestedProjects) = preSolution
		{47B9376B-46DD-4C6E-A989-4FFD7D572ADF} = {E9432070-708D-4884-974D-982DF3464B40}
		{EFE116A8-7249-4733-B811-EC64A2318CF0} = {0C69F114-0624-46A0-A782-CB23436FA4B4}
	EndGlobalSection
EndGlobal
